
Microsoft Visual Studio Solution File, Format Version 12.00
# Visual Studio 15
VisualStudioVersion = 15.0.28307.489
MinimumVisualStudioVersion = 10.0.40219.1
Project("{FAE04EC0-301F-11D3-BF4B-00C04F79EFBC}") = "WebApi.CRUD", "WebApi.CRUD\WebApi.CRUD.csproj", "{74ABA43C-D106-4370-BCFD-8D1A3E2BFCBE}"
EndProject
Global
	GlobalSection(SolutionConfigurationPlatforms) = preSolution
		Debug|Any CPU = Debug|Any CPU
		Release|Any CPU = Release|Any CPU
	EndGlobalSection
	GlobalSection(ProjectConfigurationPlatforms) = postSolution
		{74ABA43C-D106-4370-BCFD-8D1A3E2BFCBE}.Debug|Any CPU.ActiveCfg = Debug|Any CPU
		{74ABA43C-D106-4370-BCFD-8D1A3E2BFCBE}.Debug|Any CPU.Build.0 = Debug|Any CPU
		{74ABA43C-D106-4370-BCFD-8D1A3E2BFCBE}.Release|Any CPU.ActiveCfg = Release|Any CPU
		{74ABA43C-D106-4370-BCFD-8D1A3E2BFCBE}.Release|Any CPU.Build.0 = Release|Any CPU
	EndGlobalSection
	GlobalSection(SolutionProperties) = preSolution
		HideSolutionNode = FALSE
	EndGlobalSection
	GlobalSection(ExtensibilityGlobals) = postSolution
		SolutionGuid = {A7F5A4DB-2023-4BE9-9E67-8B9D7C88594A}
	EndGlobalSection
EndGlobal
